
Microsoft Visual Studio Solution File, Format Version 12.00
# Visual Studio Version 17
VisualStudioVersion = 17.14.36221.1 d17.14
MinimumVisualStudioVersion = 10.0.40219.1
Project("{FAE04EC0-301F-11D3-BF4B-00C04F79EFBC}") = "ShippingAPI", "ShippingAPI\ShippingAPI.csproj", "{073FD610-0A03-43A7-A328-DF38B1E693DE}"
EndProject
Global
	GlobalSection(SolutionConfigurationPlatforms) = preSolution
		Debug|Any CPU = Debug|Any CPU
		Release|Any CPU = Release|Any CPU
	EndGlobalSection
	GlobalSection(ProjectConfigurationPlatforms) = postSolution
		{073FD610-0A03-43A7-A328-DF38B1E693DE}.Debug|Any CPU.ActiveCfg = Debug|Any CPU
		{073FD610-0A03-43A7-A328-DF38B1E693DE}.Debug|Any CPU.Build.0 = Debug|Any CPU
		{073FD610-0A03-43A7-A328-DF38B1E693DE}.Release|Any CPU.ActiveCfg = Release|Any CPU
		{073FD610-0A03-43A7-A328-DF38B1E693DE}.Release|Any CPU.Build.0 = Release|Any CPU
	EndGlobalSection
	GlobalSection(SolutionProperties) = preSolution
		HideSolutionNode = FALSE
	EndGlobalSection
	GlobalSection(ExtensibilityGlobals) = postSolution
		SolutionGuid = {17587D91-65C5-4F30-8910-74DF0D3B1AD5}
	EndGlobalSection
EndGlobal
